
Microsoft Visual Studio Solution File, Format Version 12.00
# Visual Studio 2013
VisualStudioVersion = 12.0.21005.1
MinimumVisualStudioVersion = 10.0.40219.1
Project("{2150E333-8FDC-42A3-9474-1A3956D46DE8}") = "Src", "Src", "{02D14360-3C48-4C78-BCDA-7E8B84DBC94F}"
EndProject
Project("{2150E333-8FDC-42A3-9474-1A3956D46DE8}") = "Build", "Build", "{0601C31E-1C10-44F6-A5B7-2EC20A5FB89F}"
EndProject
Project("{2150E333-8FDC-42A3-9474-1A3956D46DE8}") = "Bin", "Bin", "{0377B5AD-FE41-4765-8BF3-7E13F709F0A3}"
EndProject
Project("{2150E333-8FDC-42A3-9474-1A3956D46DE8}") = "Libraries", "Libraries", "{14310332-6226-4FCB-A702-E7157FE343F8}"
EndProject
Project("{2150E333-8FDC-42A3-9474-1A3956D46DE8}") = "Doc", "Doc", "{0605A784-8215-4B1A-93E2-2A2E305FE81D}"
EndProject
Project("{2150E333-8FDC-42A3-9474-1A3956D46DE8}") = "Code", "Code", "{E78D39E7-4C31-4908-816C-05B519EB0DB7}"
EndProject
Project("{2150E333-8FDC-42A3-9474-1A3956D46DE8}") = "API", "API", "{A300CE0B-F626-45EE-9831-D095C06B36AB}"
EndProject
Project("{2150E333-8FDC-42A3-9474-1A3956D46DE8}") = "XML", "XML", "{D9BC604E-01AC-4FF5-A3A9-C66926B6030B}"
EndProject
Project("{2150E333-8FDC-42A3-9474-1A3956D46DE8}") = "Dictionary", "Dictionary", "{34B3C15E-1EEB-4416-BB8F-36F0BC2D333C}"
EndProject
Project("{2150E333-8FDC-42A3-9474-1A3956D46DE8}") = "Test", "Test", "{15DCCBEB-1415-4770-939B-AF9203BBBE09}"
EndProject
Project("{2150E333-8FDC-42A3-9474-1A3956D46DE8}") = "UnitTest", "UnitTest", "{8B05B9BC-9589-4363-8D07-000C12D53A00}"
EndProject
Project("{2150E333-8FDC-42A3-9474-1A3956D46DE8}") = "DB", "DB", "{9CB999E6-57A4-4C10-A315-B0329304C688}"
EndProject
Project("{2150E333-8FDC-42A3-9474-1A3956D46DE8}") = "Ext", "Ext", "{2EA0E9BA-3A0F-481A-B0E9-FF926F0646B3}"
EndProject
Project("{2150E333-8FDC-42A3-9474-1A3956D46DE8}") = "In", "In", "{C1DE6121-75BC-41FC-A8EF-41B33D393626}"
EndProject
Project("{2150E333-8FDC-42A3-9474-1A3956D46DE8}") = "Out", "Out", "{8F39D53C-D30B-4701-93E7-51CD636CAF03}"
EndProject
Project("{FAE04EC0-301F-11D3-BF4B-00C04F79EFBC}") = "QueryFX", "Src\QueryFX\QueryFX.csproj", "{F40F9C58-7AEF-4593-BB08-2785BC3964BA}"
EndProject
Project("{FAE04EC0-301F-11D3-BF4B-00C04F79EFBC}") = "QueryFX.UnitTests", "Test\UnitTest\QueryFX.UnitTests\QueryFX.UnitTests.csproj", "{0EB2A69E-720C-47AD-AF52-9D3C92C2C34C}"
EndProject
Global
	GlobalSection(SolutionConfigurationPlatforms) = preSolution
		Debug|Any CPU = Debug|Any CPU
		Release|Any CPU = Release|Any CPU
	EndGlobalSection
	GlobalSection(ProjectConfigurationPlatforms) = postSolution
		{F40F9C58-7AEF-4593-BB08-2785BC3964BA}.Debug|Any CPU.ActiveCfg = Debug|Any CPU
		{F40F9C58-7AEF-4593-BB08-2785BC3964BA}.Debug|Any CPU.Build.0 = Debug|Any CPU
		{F40F9C58-7AEF-4593-BB08-2785BC3964BA}.Release|Any CPU.ActiveCfg = Release|Any CPU
		{F40F9C58-7AEF-4593-BB08-2785BC3964BA}.Release|Any CPU.Build.0 = Release|Any CPU
		{0EB2A69E-720C-47AD-AF52-9D3C92C2C34C}.Debug|Any CPU.ActiveCfg = Debug|Any CPU
		{0EB2A69E-720C-47AD-AF52-9D3C92C2C34C}.Debug|Any CPU.Build.0 = Debug|Any CPU
		{0EB2A69E-720C-47AD-AF52-9D3C92C2C34C}.Release|Any CPU.ActiveCfg = Release|Any CPU
		{0EB2A69E-720C-47AD-AF52-9D3C92C2C34C}.Release|Any CPU.Build.0 = Release|Any CPU
	EndGlobalSection
	GlobalSection(SolutionProperties) = preSolution
		HideSolutionNode = FALSE
	EndGlobalSection
	GlobalSection(NestedProjects) = preSolution
		{F40F9C58-7AEF-4593-BB08-2785BC3964BA} = {02D14360-3C48-4C78-BCDA-7E8B84DBC94F}
		{14310332-6226-4FCB-A702-E7157FE343F8} = {0377B5AD-FE41-4765-8BF3-7E13F709F0A3}
		{E78D39E7-4C31-4908-816C-05B519EB0DB7} = {0605A784-8215-4B1A-93E2-2A2E305FE81D}
		{A300CE0B-F626-45EE-9831-D095C06B36AB} = {E78D39E7-4C31-4908-816C-05B519EB0DB7}
		{D9BC604E-01AC-4FF5-A3A9-C66926B6030B} = {E78D39E7-4C31-4908-816C-05B519EB0DB7}
		{34B3C15E-1EEB-4416-BB8F-36F0BC2D333C} = {E78D39E7-4C31-4908-816C-05B519EB0DB7}
		{8B05B9BC-9589-4363-8D07-000C12D53A00} = {15DCCBEB-1415-4770-939B-AF9203BBBE09}
		{0EB2A69E-720C-47AD-AF52-9D3C92C2C34C} = {8B05B9BC-9589-4363-8D07-000C12D53A00}
		{C1DE6121-75BC-41FC-A8EF-41B33D393626} = {2EA0E9BA-3A0F-481A-B0E9-FF926F0646B3}
		{8F39D53C-D30B-4701-93E7-51CD636CAF03} = {2EA0E9BA-3A0F-481A-B0E9-FF926F0646B3}
	EndGlobalSection
EndGlobal
